# This file is generated by running "yarn install" inside your project.
# Manual changes might be lost - proceed with caution!

__metadata:
  version: 4
  cacheKey: 8

typescript@4.1:
  version: 4.1.6
  resolution: "typescript@npm:4.1.6"
  bin:
    tsc: bin/tsc
    tsserver: bin/tsserver
  checksum: 54aed909f94b16178c8a8d8911871b4e1c04454a3e6c82166715e28083e7ce6271e4d1df6f82c89544a4759b07aec780785032534e9c93b254e2107a18712c05
  languageName: node
  linkType: hard

"typescript@patch:typescript@4.1#~builtin<compat/typescript>":
  version: 4.1.6
  resolution: "typescript@patch:typescript@npm%3A4.1.6#~builtin<compat/typescript>::version=4.1.6&hash=32657b"
  bin:
    tsc: bin/tsc
    tsserver: bin/tsserver
  checksum: 4049d2a87ba5b11b9f14dd163135ac820657912ddc1e932c4057080fc8a4b718f744ea7e183af9c8f0edad21285880620788b3af985406432ac0a63bd57d9de0
  languageName: node
  linkType: hard

"work@workspace:.":
  version: 0.0.0-use.local
  resolution: "work@workspace:."
  dependencies:
    typescript: 4.1
  languageName: unknown
  linkType: soft

"workspace-a@workspace:*, workspace-a@workspace:workspace-a":
  version: 0.0.0-use.local
  resolution: "workspace-a@workspace:workspace-a"
  dependencies:
    typescript: 4.1
  languageName: unknown
  linkType: soft

"workspace-b@workspace:workspace-b":
  version: 0.0.0-use.local
  resolution: "workspace-b@workspace:workspace-b"
  dependencies:
    typescript: 4.1
    workspace-a: "workspace:*"
  languageName: unknown
  linkType: soft
